
Microsoft Visual Studio Solution File, Format Version 12.00
# Visual Studio Version 16
VisualStudioVersion = 16.0.32929.386
MinimumVisualStudioVersion = 10.0.40219.1
Project("{FAE04EC0-301F-11D3-BF4B-00C04F79EFBC}") = "CustomWorkflowTasks", "CustomWorkflowTasks\CustomWorkflowTasks.csproj", "{5AA582FA-329B-4DCC-9E55-6B6303517664}"
EndProject
Global
	GlobalSection(SolutionConfigurationPlatforms) = preSolution
		Debug|Any CPU = Debug|Any CPU
		Release|Any CPU = Release|Any CPU
	EndGlobalSection
	GlobalSection(ProjectConfigurationPlatforms) = postSolution
		{5AA582FA-329B-4DCC-9E55-6B6303517664}.Debug|Any CPU.ActiveCfg = Debug|Any CPU
		{5AA582FA-329B-4DCC-9E55-6B6303517664}.Debug|Any CPU.Build.0 = Debug|Any CPU
		{5AA582FA-329B-4DCC-9E55-6B6303517664}.Release|Any CPU.ActiveCfg = Release|Any CPU
		{5AA582FA-329B-4DCC-9E55-6B6303517664}.Release|Any CPU.Build.0 = Release|Any CPU
	EndGlobalSection
	GlobalSection(SolutionProperties) = preSolution
		HideSolutionNode = FALSE
	EndGlobalSection
	GlobalSection(ExtensibilityGlobals) = postSolution
		SolutionGuid = {2FEC8800-9F73-4F79-AC39-AFD2F9ACAB24}
	EndGlobalSection
EndGlobal
